{
  "pins" : [
    {
      "identity" : "swift-syntax-xcframeworks",
      "kind" : "remoteSourceControl",
      "location" : "https://github.com/schibsted/swift-syntax-xcframeworks.git",
      "state" : {
        "revision" : "f85d4fcb36469f494f765b51d4e30045b3f49a8c",
        "version" : "600.0.1"
      }
    }
  ],
  "version" : 2
}
